// !$*UTF8*$!
{
	archiveVersion = 1;
	classes = {
	};
	objectVersion = 46;
	objects = {

/* Begin PBXBuildFile section */
		17E25D271C926A88006F2B39 /* Quiz1ViewController.swift in Sources */ = {isa = PBXBuildFile; fileRef = 17E25D261C926A88006F2B39 /* Quiz1ViewController.swift */; };
		240F62CE1C29893900CB862D /* kuizujpg.png in Resources */ = {isa = PBXBuildFile; fileRef = 240F62CD1C29893900CB862D /* kuizujpg.png */; };
		2447EF0E1C92CF3500A880A6 /* doragon.jpg in Resources */ = {isa = PBXBuildFile; fileRef = 2447EF0B1C92CF3500A880A6 /* doragon.jpg */; };
		2447EF0F1C92CF3500A880A6 /* namakemono.jpg in Resources */ = {isa = PBXBuildFile; fileRef = 2447EF0C1C92CF3500A880A6 /* namakemono.jpg */; };
		2447EF101C92CF3500A880A6 /* ninngenn.png in Resources */ = {isa = PBXBuildFile; fileRef = 2447EF0D1C92CF3500A880A6 /* ninngenn.png */; };
		2467D17E1C24EE6200637471 /* AppDelegate.swift in Sources */ = {isa = PBXBuildFile; fileRef = 2467D17D1C24EE6200637471 /* AppDelegate.swift */; };
		2467D1801C24EE6200637471 /* ViewController.swift in Sources */ = {isa = PBXBuildFile; fileRef = 2467D17F1C24EE6200637471 /* ViewController.swift */; };
		2467D1831C24EE6200637471 /* Main.storyboard in Resources */ = {isa = PBXBuildFile; fileRef = 2467D1811C24EE6200637471 /* Main.storyboard */; };
		2467D1851C24EE6200637471 /* Assets.xcassets in Resources */ = {isa = PBXBuildFile; fileRef = 2467D1841C24EE6200637471 /* Assets.xcassets */; };
		2467D1881C24EE6200637471 /* LaunchScreen.storyboard in Resources */ = {isa = PBXBuildFile; fileRef = 2467D1861C24EE6200637471 /* LaunchScreen.storyboard */; };
		2467D1931C24EE6300637471 /* QuizTests.swift in Sources */ = {isa = PBXBuildFile; fileRef = 2467D1921C24EE6300637471 /* QuizTests.swift */; };
		2467D19E1C24EE6300637471 /* QuizUITests.swift in Sources */ = {isa = PBXBuildFile; fileRef = 2467D19D1C24EE6300637471 /* QuizUITests.swift */; };
		2472B4F41C49124E006EB25D /* English.png in Resources */ = {isa = PBXBuildFile; fileRef = 2472B4EF1C49124E006EB25D /* English.png */; };
		2472B4F51C49124E006EB25D /* images.jpeg in Resources */ = {isa = PBXBuildFile; fileRef = 2472B4F01C49124E006EB25D /* images.jpeg */; };
		2472B4F61C49124E006EB25D /* japanese.png in Resources */ = {isa = PBXBuildFile; fileRef = 2472B4F11C49124E006EB25D /* japanese.png */; };
		2472B4F71C49124E006EB25D /* kuizujpg.png in Resources */ = {isa = PBXBuildFile; fileRef = 2472B4F21C49124E006EB25D /* kuizujpg.png */; };
		2472B4F81C49124E006EB25D /* math.png in Resources */ = {isa = PBXBuildFile; fileRef = 2472B4F31C49124E006EB25D /* math.png */; };
		2472B4FC1C4A06DB006EB25D /* science.png in Resources */ = {isa = PBXBuildFile; fileRef = 2472B4F91C4A06DB006EB25D /* science.png */; };
		2472B4FD1C4A06DB006EB25D /* socialstudies.png in Resources */ = {isa = PBXBuildFile; fileRef = 2472B4FA1C4A06DB006EB25D /* socialstudies.png */; };
		2472B4FE1C4A06DB006EB25D /* yes.jpeg in Resources */ = {isa = PBXBuildFile; fileRef = 2472B4FB1C4A06DB006EB25D /* yes.jpeg */; };
		2472B5001C523785006EB25D /* gold_button.png in Resources */ = {isa = PBXBuildFile; fileRef = 2472B4FF1C523785006EB25D /* gold_button.png */; };
		248A4FE91C772FA2001898D7 /* %.png in Resources */ = {isa = PBXBuildFile; fileRef = 248A4FE71C772FA2001898D7 /* %.png */; };
		248A4FEA1C772FA2001898D7 /* aho.png in Resources */ = {isa = PBXBuildFile; fileRef = 248A4FE81C772FA2001898D7 /* aho.png */; };
		24E8E1E71C52439300F6FA95 /* ヒョウ.jpg in Resources */ = {isa = PBXBuildFile; fileRef = 24E8E1E31C52439300F6FA95 /* ヒョウ.jpg */; };
		24E8E1E81C52439300F6FA95 /* 牛.jpg in Resources */ = {isa = PBXBuildFile; fileRef = 24E8E1E41C52439300F6FA95 /* 牛.jpg */; };
		24E8E1E91C52439300F6FA95 /* 犬.jpg in Resources */ = {isa = PBXBuildFile; fileRef = 24E8E1E51C52439300F6FA95 /* 犬.jpg */; };
		24E8E1EA1C52439300F6FA95 /* 猫.jpg in Resources */ = {isa = PBXBuildFile; fileRef = 24E8E1E61C52439300F6FA95 /* 猫.jpg */; };
		24E8E1EC1C52483000F6FA95 /* bgimage.jpg in Resources */ = {isa = PBXBuildFile; fileRef = 24E8E1EB1C52483000F6FA95 /* bgimage.jpg */; };
		24E8E1EE1C526C5400F6FA95 /* QuizViewController.swift in Sources */ = {isa = PBXBuildFile; fileRef = 24E8E1ED1C526C5400F6FA95 /* QuizViewController.swift */; };
		24E8E1F01C526C7000F6FA95 /* ResultViewController.swift in Sources */ = {isa = PBXBuildFile; fileRef = 24E8E1EF1C526C7000F6FA95 /* ResultViewController.swift */; };
		24E8E1F21C526FBC00F6FA95 /* waku.png in Resources */ = {isa = PBXBuildFile; fileRef = 24E8E1F11C526FBC00F6FA95 /* waku.png */; };
		24F1155F1C64B67700E18FB6 /* Quiz2ViewController.swift in Sources */ = {isa = PBXBuildFile; fileRef = 24F1155E1C64B67700E18FB6 /* Quiz2ViewController.swift */; };
		24F115611C64B68300E18FB6 /* Quiz3ViewController.swift in Sources */ = {isa = PBXBuildFile; fileRef = 24F115601C64B68300E18FB6 /* Quiz3ViewController.swift */; };
		24F115631C64B69100E18FB6 /* Quiz4ViewController.swift in Sources */ = {isa = PBXBuildFile; fileRef = 24F115621C64B69000E18FB6 /* Quiz4ViewController.swift */; };
		24F115651C64B72000E18FB6 /* Quiz5ViewController.swift in Sources */ = {isa = PBXBuildFile; fileRef = 24F115641C64B72000E18FB6 /* Quiz5ViewController.swift */; };
/* End PBXBuildFile section */

/* Begin PBXContainerItemProxy section */
		2467D18F1C24EE6300637471 /* PBXContainerItemProxy */ = {
			isa = PBXContainerItemProxy;
			containerPortal = 2467D1721C24EE6200637471 /* Project object */;
			proxyType = 1;
			remoteGlobalIDString = 2467D1791C24EE6200637471;
			remoteInfo = Quiz;
		};
		2467D19A1C24EE6300637471 /* PBXContainerItemProxy */ = {
			isa = PBXContainerItemProxy;
			containerPortal = 2467D1721C24EE6200637471 /* Project object */;
			proxyType = 1;
			remoteGlobalIDString = 2467D1791C24EE6200637471;
			remoteInfo = Quiz;
		};
/* End PBXContainerItemProxy section */

/* Begin PBXFileReference section */
		17E25D261C926A88006F2B39 /* Quiz1ViewController.swift */ = {isa = PBXFileReference; fileEncoding = 4; lastKnownFileType = sourcecode.swift; path = Quiz1ViewController.swift; sourceTree = "<group>"; };
		240F62CD1C29893900CB862D /* kuizujpg.png */ = {isa = PBXFileReference; lastKnownFileType = image.png; path = kuizujpg.png; sourceTree = "<group>"; };
		2447EF0B1C92CF3500A880A6 /* doragon.jpg */ = {isa = PBXFileReference; lastKnownFileType = image.jpeg; path = doragon.jpg; sourceTree = "<group>"; };
		2447EF0C1C92CF3500A880A6 /* namakemono.jpg */ = {isa = PBXFileReference; lastKnownFileType = image.jpeg; path = namakemono.jpg; sourceTree = "<group>"; };
		2447EF0D1C92CF3500A880A6 /* ninngenn.png */ = {isa = PBXFileReference; lastKnownFileType = image.png; path = ninngenn.png; sourceTree = "<group>"; };
		2467D17A1C24EE6200637471 /* Quiz.app */ = {isa = PBXFileReference; explicitFileType = wrapper.application; includeInIndex = 0; path = Quiz.app; sourceTree = BUILT_PRODUCTS_DIR; };
		2467D17D1C24EE6200637471 /* AppDelegate.swift */ = {isa = PBXFileReference; lastKnownFileType = sourcecode.swift; path = AppDelegate.swift; sourceTree = "<group>"; };
		2467D17F1C24EE6200637471 /* ViewController.swift */ = {isa = PBXFileReference; lastKnownFileType = sourcecode.swift; path = ViewController.swift; sourceTree = "<group>"; };
		2467D1821C24EE6200637471 /* Base */ = {isa = PBXFileReference; lastKnownFileType = file.storyboard; name = Base; path = Base.lproj/Main.storyboard; sourceTree = "<group>"; };
		2467D1841C24EE6200637471 /* Assets.xcassets */ = {isa = PBXFileReference; lastKnownFileType = folder.assetcatalog; path = Assets.xcassets; sourceTree = "<group>"; };
		2467D1871C24EE6200637471 /* Base */ = {isa = PBXFileReference; lastKnownFileType = file.storyboard; name = Base; path = Base.lproj/LaunchScreen.storyboard; sourceTree = "<group>"; };
		2467D1891C24EE6200637471 /* Info.plist */ = {isa = PBXFileReference; lastKnownFileType = text.plist.xml; path = Info.plist; sourceTree = "<group>"; };
		2467D18E1C24EE6300637471 /* QuizTests.xctest */ = {isa = PBXFileReference; explicitFileType = wrapper.cfbundle; includeInIndex = 0; path = QuizTests.xctest; sourceTree = BUILT_PRODUCTS_DIR; };
		2467D1921C24EE6300637471 /* QuizTests.swift */ = {isa = PBXFileReference; lastKnownFileType = sourcecode.swift; path = QuizTests.swift; sourceTree = "<group>"; };
		2467D1941C24EE6300637471 /* Info.plist */ = {isa = PBXFileReference; lastKnownFileType = text.plist.xml; path = Info.plist; sourceTree = "<group>"; };
		2467D1991C24EE6300637471 /* QuizUITests.xctest */ = {isa = PBXFileReference; explicitFileType = wrapper.cfbundle; includeInIndex = 0; path = QuizUITests.xctest; sourceTree = BUILT_PRODUCTS_DIR; };
		2467D19D1C24EE6300637471 /* QuizUITests.swift */ = {isa = PBXFileReference; lastKnownFileType = sourcecode.swift; path = QuizUITests.swift; sourceTree = "<group>"; };
		2467D19F1C24EE6300637471 /* Info.plist */ = {isa = PBXFileReference; lastKnownFileType = text.plist.xml; path = Info.plist; sourceTree = "<group>"; };
		2472B4EF1C49124E006EB25D /* English.png */ = {isa = PBXFileReference; lastKnownFileType = image.png; path = English.png; sourceTree = "<group>"; };
		2472B4F01C49124E006EB25D /* images.jpeg */ = {isa = PBXFileReference; lastKnownFileType = image.jpeg; path = images.jpeg; sourceTree = "<group>"; };
		2472B4F11C49124E006EB25D /* japanese.png */ = {isa = PBXFileReference; lastKnownFileType = image.png; path = japanese.png; sourceTree = "<group>"; };
		2472B4F21C49124E006EB25D /* kuizujpg.png */ = {isa = PBXFileReference; lastKnownFileType = image.png; path = kuizujpg.png; sourceTree = "<group>"; };
		2472B4F31C49124E006EB25D /* math.png */ = {isa = PBXFileReference; lastKnownFileType = image.png; path = math.png; sourceTree = "<group>"; };
		2472B4F91C4A06DB006EB25D /* science.png */ = {isa = PBXFileReference; lastKnownFileType = image.png; path = science.png; sourceTree = "<group>"; };
		2472B4FA1C4A06DB006EB25D /* socialstudies.png */ = {isa = PBXFileReference; lastKnownFileType = image.png; path = socialstudies.png; sourceTree = "<group>"; };
		2472B4FB1C4A06DB006EB25D /* yes.jpeg */ = {isa = PBXFileReference; lastKnownFileType = image.jpeg; path = yes.jpeg; sourceTree = "<group>"; };
		2472B4FF1C523785006EB25D /* gold_button.png */ = {isa = PBXFileReference; lastKnownFileType = image.png; path = gold_button.png; sourceTree = "<group>"; };
		248A4FE71C772FA2001898D7 /* %.png */ = {isa = PBXFileReference; lastKnownFileType = image.png; path = "%.png"; sourceTree = "<group>"; };
		248A4FE81C772FA2001898D7 /* aho.png */ = {isa = PBXFileReference; lastKnownFileType = image.png; path = aho.png; sourceTree = "<group>"; };
		24E8E1E31C52439300F6FA95 /* ヒョウ.jpg */ = {isa = PBXFileReference; lastKnownFileType = image.jpeg; path = "ヒョウ.jpg"; sourceTree = "<group>"; };
		24E8E1E41C52439300F6FA95 /* 牛.jpg */ = {isa = PBXFileReference; lastKnownFileType = image.jpeg; path = "牛.jpg"; sourceTree = "<group>"; };
		24E8E1E51C52439300F6FA95 /* 犬.jpg */ = {isa = PBXFileReference; lastKnownFileType = image.jpeg; path = "犬.jpg"; sourceTree = "<group>"; };
		24E8E1E61C52439300F6FA95 /* 猫.jpg */ = {isa = PBXFileReference; lastKnownFileType = image.jpeg; path = "猫.jpg"; sourceTree = "<group>"; };
		24E8E1EB1C52483000F6FA95 /* bgimage.jpg */ = {isa = PBXFileReference; lastKnownFileType = image.jpeg; path = bgimage.jpg; sourceTree = "<group>"; };
		24E8E1ED1C526C5400F6FA95 /* QuizViewController.swift */ = {isa = PBXFileReference; fileEncoding = 4; lastKnownFileType = sourcecode.swift; path = QuizViewController.swift; sourceTree = "<group>"; };
		24E8E1EF1C526C7000F6FA95 /* ResultViewController.swift */ = {isa = PBXFileReference; fileEncoding = 4; lastKnownFileType = sourcecode.swift; path = ResultViewController.swift; sourceTree = "<group>"; };
		24E8E1F11C526FBC00F6FA95 /* waku.png */ = {isa = PBXFileReference; lastKnownFileType = image.png; path = waku.png; sourceTree = "<group>"; };
		24F1155E1C64B67700E18FB6 /* Quiz2ViewController.swift */ = {isa = PBXFileReference; fileEncoding = 4; lastKnownFileType = sourcecode.swift; path = Quiz2ViewController.swift; sourceTree = SOURCE_ROOT; };
		24F115601C64B68300E18FB6 /* Quiz3ViewController.swift */ = {isa = PBXFileReference; fileEncoding = 4; lastKnownFileType = sourcecode.swift; path = Quiz3ViewController.swift; sourceTree = SOURCE_ROOT; };
		24F115621C64B69000E18FB6 /* Quiz4ViewController.swift */ = {isa = PBXFileReference; fileEncoding = 4; lastKnownFileType = sourcecode.swift; path = Quiz4ViewController.swift; sourceTree = SOURCE_ROOT; };
		24F115641C64B72000E18FB6 /* Quiz5ViewController.swift */ = {isa = PBXFileReference; fileEncoding = 4; lastKnownFileType = sourcecode.swift; path = Quiz5ViewController.swift; sourceTree = SOURCE_ROOT; };
/* End PBXFileReference section */

/* Begin PBXFrameworksBuildPhase section */
		2467D1771C24EE6200637471 /* Frameworks */ = {
			isa = PBXFrameworksBuildPhase;
			buildActionMask = 2147483647;
			files = (
			);
			runOnlyForDeploymentPostprocessing = 0;
		};
		2467D18B1C24EE6300637471 /* Frameworks */ = {
			isa = PBXFrameworksBuildPhase;
			buildActionMask = 2147483647;
			files = (
			);
			runOnlyForDeploymentPostprocessing = 0;
		};
		2467D1961C24EE6300637471 /* Frameworks */ = {
			isa = PBXFrameworksBuildPhase;
			buildActionMask = 2147483647;
			files = (
			);
			runOnlyForDeploymentPostprocessing = 0;
		};
/* End PBXFrameworksBuildPhase section */

/* Begin PBXGroup section */
		2467D1711C24EE6200637471 = {
			isa = PBXGroup;
			children = (
				2467D17C1C24EE6200637471 /* Quiz */,
				2467D1911C24EE6300637471 /* QuizTests */,
				2467D19C1C24EE6300637471 /* QuizUITests */,
				2467D17B1C24EE6200637471 /* Products */,
			);
			sourceTree = "<group>";
		};
		2467D17B1C24EE6200637471 /* Products */ = {
			isa = PBXGroup;
			children = (
				2467D17A1C24EE6200637471 /* Quiz.app */,
				2467D18E1C24EE6300637471 /* QuizTests.xctest */,
				2467D1991C24EE6300637471 /* QuizUITests.xctest */,
			);
			name = Products;
			sourceTree = "<group>";
		};
		2467D17C1C24EE6200637471 /* Quiz */ = {
			isa = PBXGroup;
			children = (
				2447EF0B1C92CF3500A880A6 /* doragon.jpg */,
				2447EF0C1C92CF3500A880A6 /* namakemono.jpg */,
				2447EF0D1C92CF3500A880A6 /* ninngenn.png */,
				248A4FE71C772FA2001898D7 /* %.png */,
				248A4FE81C772FA2001898D7 /* aho.png */,
				2467D1811C24EE6200637471 /* Main.storyboard */,
				24E8E1F11C526FBC00F6FA95 /* waku.png */,
				24E8E1EB1C52483000F6FA95 /* bgimage.jpg */,
				24E8E1E31C52439300F6FA95 /* ヒョウ.jpg */,
				24E8E1E41C52439300F6FA95 /* 牛.jpg */,
				24E8E1E51C52439300F6FA95 /* 犬.jpg */,
				24E8E1E61C52439300F6FA95 /* 猫.jpg */,
				2472B4FF1C523785006EB25D /* gold_button.png */,
				2472B4F91C4A06DB006EB25D /* science.png */,
				2472B4FA1C4A06DB006EB25D /* socialstudies.png */,
				2472B4FB1C4A06DB006EB25D /* yes.jpeg */,
				2472B4EF1C49124E006EB25D /* English.png */,
				2472B4F01C49124E006EB25D /* images.jpeg */,
				2472B4F11C49124E006EB25D /* japanese.png */,
				2472B4F31C49124E006EB25D /* math.png */,
				240F62CD1C29893900CB862D /* kuizujpg.png */,
				2467D17D1C24EE6200637471 /* AppDelegate.swift */,
				2467D17F1C24EE6200637471 /* ViewController.swift */,
				2467D1841C24EE6200637471 /* Assets.xcassets */,
				2467D1861C24EE6200637471 /* LaunchScreen.storyboard */,
				24E8E1EF1C526C7000F6FA95 /* ResultViewController.swift */,
				17E25D261C926A88006F2B39 /* Quiz1ViewController.swift */,
				24E8E1ED1C526C5400F6FA95 /* QuizViewController.swift */,
				24F1155E1C64B67700E18FB6 /* Quiz2ViewController.swift */,
				24F115601C64B68300E18FB6 /* Quiz3ViewController.swift */,
				24F115621C64B69000E18FB6 /* Quiz4ViewController.swift */,
				24F115641C64B72000E18FB6 /* Quiz5ViewController.swift */,
				2467D1891C24EE6200637471 /* Info.plist */,
			);
			path = Quiz;
			sourceTree = "<group>";
		};
		2467D1911C24EE6300637471 /* QuizTests */ = {
			isa = PBXGroup;
			children = (
				2467D1921C24EE6300637471 /* QuizTests.swift */,
				2467D1941C24EE6300637471 /* Info.plist */,
			);
			path = QuizTests;
			sourceTree = "<group>";
		};
		2467D19C1C24EE6300637471 /* QuizUITests */ = {
			isa = PBXGroup;
			children = (
				2467D19D1C24EE6300637471 /* QuizUITests.swift */,
				2467D19F1C24EE6300637471 /* Info.plist */,
			);
			path = QuizUITests;
			sourceTree = "<group>";
		};
/* End PBXGroup section */

/* Begin PBXNativeTarget section */
		2467D1791C24EE6200637471 /* Quiz */ = {
			isa = PBXNativeTarget;
			buildConfigurationList = 2467D1A21C24EE6300637471 /* Build configuration list for PBXNativeTarget "Quiz" */;
			buildPhases = (
				2467D1761C24EE6200637471 /* Sources */,
				2467D1771C24EE6200637471 /* Frameworks */,
				2467D1781C24EE6200637471 /* Resources */,
			);
			buildRules = (
			);
			dependencies = (
			);
			name = Quiz;
			productName = Quiz;
			productReference = 2467D17A1C24EE6200637471 /* Quiz.app */;
			productType = "com.apple.product-type.application";
		};
		2467D18D1C24EE6300637471 /* QuizTests */ = {
			isa = PBXNativeTarget;
			buildConfigurationList = 2467D1A51C24EE6300637471 /* Build configuration list for PBXNativeTarget "QuizTests" */;
			buildPhases = (
				2467D18A1C24EE6300637471 /* Sources */,
				2467D18B1C24EE6300637471 /* Frameworks */,
				2467D18C1C24EE6300637471 /* Resources */,
			);
			buildRules = (
			);
			dependencies = (
				2467D1901C24EE6300637471 /* PBXTargetDependency */,
			);
			name = QuizTests;
			productName = QuizTests;
			productReference = 2467D18E1C24EE6300637471 /* QuizTests.xctest */;
			productType = "com.apple.product-type.bundle.unit-test";
		};
		2467D1981C24EE6300637471 /* QuizUITests */ = {
			isa = PBXNativeTarget;
			buildConfigurationList = 2467D1A81C24EE6300637471 /* Build configuration list for PBXNativeTarget "QuizUITests" */;
			buildPhases = (
				2467D1951C24EE6300637471 /* Sources */,
				2467D1961C24EE6300637471 /* Frameworks */,
				2467D1971C24EE6300637471 /* Resources */,
			);
			buildRules = (
			);
			dependencies = (
				2467D19B1C24EE6300637471 /* PBXTargetDependency */,
			);
			name = QuizUITests;
			productName = QuizUITests;
			productReference = 2467D1991C24EE6300637471 /* QuizUITests.xctest */;
			productType = "com.apple.product-type.bundle.ui-testing";
		};
/* End PBXNativeTarget section */

/* Begin PBXProject section */
		2467D1721C24EE6200637471 /* Project object */ = {
			isa = PBXProject;
			attributes = {
				LastSwiftUpdateCheck = 0710;
				LastUpgradeCheck = 0710;
				ORGANIZATIONNAME = "天毛 瞬";
				TargetAttributes = {
					2467D1791C24EE6200637471 = {
						CreatedOnToolsVersion = 7.1.1;
						DevelopmentTeam = A74M4QW7WL;
					};
					2467D18D1C24EE6300637471 = {
						CreatedOnToolsVersion = 7.1.1;
						DevelopmentTeam = A74M4QW7WL;
						TestTargetID = 2467D1791C24EE6200637471;
					};
					2467D1981C24EE6300637471 = {
						CreatedOnToolsVersion = 7.1.1;
						DevelopmentTeam = A74M4QW7WL;
						TestTargetID = 2467D1791C24EE6200637471;
					};
				};
			};
			buildConfigurationList = 2467D1751C24EE6200637471 /* Build configuration list for PBXProject "Quiz" */;
			compatibilityVersion = "Xcode 3.2";
			developmentRegion = English;
			hasScannedForEncodings = 0;
			knownRegions = (
				en,
				Base,
			);
			mainGroup = 2467D1711C24EE6200637471;
			productRefGroup = 2467D17B1C24EE6200637471 /* Products */;
			projectDirPath = "";
			projectRoot = "";
			targets = (
				2467D1791C24EE6200637471 /* Quiz */,
				2467D18D1C24EE6300637471 /* QuizTests */,
				2467D1981C24EE6300637471 /* QuizUITests */,
			);
		};
/* End PBXProject section */

/* Begin PBXResourcesBuildPhase section */
		2467D1781C24EE6200637471 /* Resources */ = {
			isa = PBXResourcesBuildPhase;
			buildActionMask = 2147483647;
			files = (
				24E8E1E91C52439300F6FA95 /* 犬.jpg in Resources */,
				2472B4F71C49124E006EB25D /* kuizujpg.png in Resources */,
				24E8E1E71C52439300F6FA95 /* ヒョウ.jpg in Resources */,
				240F62CE1C29893900CB862D /* kuizujpg.png in Resources */,
				2472B4F81C49124E006EB25D /* math.png in Resources */,
				24E8E1EA1C52439300F6FA95 /* 猫.jpg in Resources */,
				24E8E1EC1C52483000F6FA95 /* bgimage.jpg in Resources */,
				2472B4F61C49124E006EB25D /* japanese.png in Resources */,
				2472B4F41C49124E006EB25D /* English.png in Resources */,
				2472B4FE1C4A06DB006EB25D /* yes.jpeg in Resources */,
				2447EF0E1C92CF3500A880A6 /* doragon.jpg in Resources */,
				2467D1881C24EE6200637471 /* LaunchScreen.storyboard in Resources */,
				2472B4FC1C4A06DB006EB25D /* science.png in Resources */,
				24E8E1F21C526FBC00F6FA95 /* waku.png in Resources */,
				248A4FE91C772FA2001898D7 /* %.png in Resources */,
				2472B5001C523785006EB25D /* gold_button.png in Resources */,
				2467D1851C24EE6200637471 /* Assets.xcassets in Resources */,
				2472B4FD1C4A06DB006EB25D /* socialstudies.png in Resources */,
				2447EF101C92CF3500A880A6 /* ninngenn.png in Resources */,
				24E8E1E81C52439300F6FA95 /* 牛.jpg in Resources */,
				248A4FEA1C772FA2001898D7 /* aho.png in Resources */,
				2447EF0F1C92CF3500A880A6 /* namakemono.jpg in Resources */,
				2467D1831C24EE6200637471 /* Main.storyboard in Resources */,
				2472B4F51C49124E006EB25D /* images.jpeg in Resources */,
			);
			runOnlyForDeploymentPostprocessing = 0;
		};
		2467D18C1C24EE6300637471 /* Resources */ = {
			isa = PBXResourcesBuildPhase;
			buildActionMask = 2147483647;
			files = (
			);
			runOnlyForDeploymentPostprocessing = 0;
		};
		2467D1971C24EE6300637471 /* Resources */ = {
			isa = PBXResourcesBuildPhase;
			buildActionMask = 2147483647;
			files = (
			);
			runOnlyForDeploymentPostprocessing = 0;
		};
/* End PBXResourcesBuildPhase section */

/* Begin PBXSourcesBuildPhase section */
		2467D1761C24EE6200637471 /* Sources */ = {
			isa = PBXSourcesBuildPhase;
			buildActionMask = 2147483647;
			files = (
				24F115631C64B69100E18FB6 /* Quiz4ViewController.swift in Sources */,
				24E8E1EE1C526C5400F6FA95 /* QuizViewController.swift in Sources */,
				2467D1801C24EE6200637471 /* ViewController.swift in Sources */,
				24F1155F1C64B67700E18FB6 /* Quiz2ViewController.swift in Sources */,
				24F115651C64B72000E18FB6 /* Quiz5ViewController.swift in Sources */,
				2467D17E1C24EE6200637471 /* AppDelegate.swift in Sources */,
				24F115611C64B68300E18FB6 /* Quiz3ViewController.swift in Sources */,
				24E8E1F01C526C7000F6FA95 /* ResultViewController.swift in Sources */,
				17E25D271C926A88006F2B39 /* Quiz1ViewController.swift in Sources */,
			);
			runOnlyForDeploymentPostprocessing = 0;
		};
		2467D18A1C24EE6300637471 /* Sources */ = {
			isa = PBXSourcesBuildPhase;
			buildActionMask = 2147483647;
			files = (
				2467D1931C24EE6300637471 /* QuizTests.swift in Sources */,
			);
			runOnlyForDeploymentPostprocessing = 0;
		};
		2467D1951C24EE6300637471 /* Sources */ = {
			isa = PBXSourcesBuildPhase;
			buildActionMask = 2147483647;
			files = (
				2467D19E1C24EE6300637471 /* QuizUITests.swift in Sources */,
			);
			runOnlyForDeploymentPostprocessing = 0;
		};
/* End PBXSourcesBuildPhase section */

/* Begin PBXTargetDependency section */
		2467D1901C24EE6300637471 /* PBXTargetDependency */ = {
			isa = PBXTargetDependency;
			target = 2467D1791C24EE6200637471 /* Quiz */;
			targetProxy = 2467D18F1C24EE6300637471 /* PBXContainerItemProxy */;
		};
		2467D19B1C24EE6300637471 /* PBXTargetDependency */ = {
			isa = PBXTargetDependency;
			target = 2467D1791C24EE6200637471 /* Quiz */;
			targetProxy = 2467D19A1C24EE6300637471 /* PBXContainerItemProxy */;
		};
/* End PBXTargetDependency section */

/* Begin PBXVariantGroup section */
		2467D1811C24EE6200637471 /* Main.storyboard */ = {
			isa = PBXVariantGroup;
			children = (
				2467D1821C24EE6200637471 /* Base */,
			);
			name = Main.storyboard;
			sourceTree = "<group>";
		};
		2467D1861C24EE6200637471 /* LaunchScreen.storyboard */ = {
			isa = PBXVariantGroup;
			children = (
				2467D1871C24EE6200637471 /* Base */,
			);
			name = LaunchScreen.storyboard;
			sourceTree = "<group>";
		};
/* End PBXVariantGroup section */

/* Begin XCBuildConfiguration section */
		2467D1A01C24EE6300637471 /* Debug */ = {
			isa = XCBuildConfiguration;
			buildSettings = {
				ALWAYS_SEARCH_USER_PATHS = NO;
				CLANG_CXX_LANGUAGE_STANDARD = "gnu++0x";
				CLANG_CXX_LIBRARY = "libc++";
				CLANG_ENABLE_MODULES = YES;
				CLANG_ENABLE_OBJC_ARC = YES;
				CLANG_WARN_BOOL_CONVERSION = YES;
				CLANG_WARN_CONSTANT_CONVERSION = YES;
				CLANG_WARN_DIRECT_OBJC_ISA_USAGE = YES_ERROR;
				CLANG_WARN_EMPTY_BODY = YES;
				CLANG_WARN_ENUM_CONVERSION = YES;
				CLANG_WARN_INT_CONVERSION = YES;
				CLANG_WARN_OBJC_ROOT_CLASS = YES_ERROR;
				CLANG_WARN_UNREACHABLE_CODE = YES;
				CLANG_WARN__DUPLICATE_METHOD_MATCH = YES;
				"CODE_SIGN_IDENTITY[sdk=iphoneos*]" = "iPhone Developer";
				COPY_PHASE_STRIP = NO;
				DEBUG_INFORMATION_FORMAT = dwarf;
				ENABLE_STRICT_OBJC_MSGSEND = YES;
				ENABLE_TESTABILITY = YES;
				GCC_C_LANGUAGE_STANDARD = gnu99;
				GCC_DYNAMIC_NO_PIC = NO;
				GCC_NO_COMMON_BLOCKS = YES;
				GCC_OPTIMIZATION_LEVEL = 0;
				GCC_PREPROCESSOR_DEFINITIONS = (
					"DEBUG=1",
					"$(inherited)",
				);
				GCC_WARN_64_TO_32_BIT_CONVERSION = YES;
				GCC_WARN_ABOUT_RETURN_TYPE = YES_ERROR;
				GCC_WARN_UNDECLARED_SELECTOR = YES;
				GCC_WARN_UNINITIALIZED_AUTOS = YES_AGGRESSIVE;
				GCC_WARN_UNUSED_FUNCTION = YES;
				GCC_WARN_UNUSED_VARIABLE = YES;
				IPHONEOS_DEPLOYMENT_TARGET = 9.1;
				MTL_ENABLE_DEBUG_INFO = YES;
				ONLY_ACTIVE_ARCH = YES;
				SDKROOT = iphoneos;
				SWIFT_OPTIMIZATION_LEVEL = "-Onone";
			};
			name = Debug;
		};
		2467D1A11C24EE6300637471 /* Release */ = {
			isa = XCBuildConfiguration;
			buildSettings = {
				ALWAYS_SEARCH_USER_PATHS = NO;
				CLANG_CXX_LANGUAGE_STANDARD = "gnu++0x";
				CLANG_CXX_LIBRARY = "libc++";
				CLANG_ENABLE_MODULES = YES;
				CLANG_ENABLE_OBJC_ARC = YES;
				CLANG_WARN_BOOL_CONVERSION = YES;
				CLANG_WARN_CONSTANT_CONVERSION = YES;
				CLANG_WARN_DIRECT_OBJC_ISA_USAGE = YES_ERROR;
				CLANG_WARN_EMPTY_BODY = YES;
				CLANG_WARN_ENUM_CONVERSION = YES;
				CLANG_WARN_INT_CONVERSION = YES;
				CLANG_WARN_OBJC_ROOT_CLASS = YES_ERROR;
				CLANG_WARN_UNREACHABLE_CODE = YES;
				CLANG_WARN__DUPLICATE_METHOD_MATCH = YES;
				"CODE_SIGN_IDENTITY[sdk=iphoneos*]" = "iPhone Developer";
				COPY_PHASE_STRIP = NO;
				DEBUG_INFORMATION_FORMAT = "dwarf-with-dsym";
				ENABLE_NS_ASSERTIONS = NO;
				ENABLE_STRICT_OBJC_MSGSEND = YES;
				GCC_C_LANGUAGE_STANDARD = gnu99;
				GCC_NO_COMMON_BLOCKS = YES;
				GCC_WARN_64_TO_32_BIT_CONVERSION = YES;
				GCC_WARN_ABOUT_RETURN_TYPE = YES_ERROR;
				GCC_WARN_UNDECLARED_SELECTOR = YES;
				GCC_WARN_UNINITIALIZED_AUTOS = YES_AGGRESSIVE;
				GCC_WARN_UNUSED_FUNCTION = YES;
				GCC_WARN_UNUSED_VARIABLE = YES;
				IPHONEOS_DEPLOYMENT_TARGET = 9.1;
				MTL_ENABLE_DEBUG_INFO = NO;
				SDKROOT = iphoneos;
				VALIDATE_PRODUCT = YES;
			};
			name = Release;
		};
		2467D1A31C24EE6300637471 /* Debug */ = {
			isa = XCBuildConfiguration;
			buildSettings = {
				ASSETCATALOG_COMPILER_APPICON_NAME = AppIcon;
				INFOPLIST_FILE = Quiz/Info.plist;
				LD_RUNPATH_SEARCH_PATHS = "$(inherited) @executable_path/Frameworks";
				PRODUCT_BUNDLE_IDENTIFIER = com.litech.Quiz;
				PRODUCT_NAME = "$(TARGET_NAME)";
			};
			name = Debug;
		};
		2467D1A41C24EE6300637471 /* Release */ = {
			isa = XCBuildConfiguration;
			buildSettings = {
				ASSETCATALOG_COMPILER_APPICON_NAME = AppIcon;
				INFOPLIST_FILE = Quiz/Info.plist;
				LD_RUNPATH_SEARCH_PATHS = "$(inherited) @executable_path/Frameworks";
				PRODUCT_BUNDLE_IDENTIFIER = com.litech.Quiz;
				PRODUCT_NAME = "$(TARGET_NAME)";
			};
			name = Release;
		};
		2467D1A61C24EE6300637471 /* Debug */ = {
			isa = XCBuildConfiguration;
			buildSettings = {
				BUNDLE_LOADER = "$(TEST_HOST)";
				INFOPLIST_FILE = QuizTests/Info.plist;
				LD_RUNPATH_SEARCH_PATHS = "$(inherited) @executable_path/Frameworks @loader_path/Frameworks";
				PRODUCT_BUNDLE_IDENTIFIER = com.litech.QuizTests;
				PRODUCT_NAME = "$(TARGET_NAME)";
				TEST_HOST = "$(BUILT_PRODUCTS_DIR)/Quiz.app/Quiz";
			};
			name = Debug;
		};
		2467D1A71C24EE6300637471 /* Release */ = {
			isa = XCBuildConfiguration;
			buildSettings = {
				BUNDLE_LOADER = "$(TEST_HOST)";
				INFOPLIST_FILE = QuizTests/Info.plist;
				LD_RUNPATH_SEARCH_PATHS = "$(inherited) @executable_path/Frameworks @loader_path/Frameworks";
				PRODUCT_BUNDLE_IDENTIFIER = com.litech.QuizTests;
				PRODUCT_NAME = "$(TARGET_NAME)";
				TEST_HOST = "$(BUILT_PRODUCTS_DIR)/Quiz.app/Quiz";
			};
			name = Release;
		};
		2467D1A91C24EE6300637471 /* Debug */ = {
			isa = XCBuildConfiguration;
			buildSettings = {
				INFOPLIST_FILE = QuizUITests/Info.plist;
				LD_RUNPATH_SEARCH_PATHS = "$(inherited) @executable_path/Frameworks @loader_path/Frameworks";
				PRODUCT_BUNDLE_IDENTIFIER = com.litech.QuizUITests;
				PRODUCT_NAME = "$(TARGET_NAME)";
				TEST_TARGET_NAME = Quiz;
				USES_XCTRUNNER = YES;
			};
			name = Debug;
		};
		2467D1AA1C24EE6300637471 /* Release */ = {
			isa = XCBuildConfiguration;
			buildSettings = {
				INFOPLIST_FILE = QuizUITests/Info.plist;
				LD_RUNPATH_SEARCH_PATHS = "$(inherited) @executable_path/Frameworks @loader_path/Frameworks";
				PRODUCT_BUNDLE_IDENTIFIER = com.litech.QuizUITests;
				PRODUCT_NAME = "$(TARGET_NAME)";
				TEST_TARGET_NAME = Quiz;
				USES_XCTRUNNER = YES;
			};
			name = Release;
		};
/* End XCBuildConfiguration section */

/* Begin XCConfigurationList section */
		2467D1751C24EE6200637471 /* Build configuration list for PBXProject "Quiz" */ = {
			isa = XCConfigurationList;
			buildConfigurations = (
				2467D1A01C24EE6300637471 /* Debug */,
				2467D1A11C24EE6300637471 /* Release */,
			);
			defaultConfigurationIsVisible = 0;
			defaultConfigurationName = Release;
		};
		2467D1A21C24EE6300637471 /* Build configuration list for PBXNativeTarget "Quiz" */ = {
			isa = XCConfigurationList;
			buildConfigurations = (
				2467D1A31C24EE6300637471 /* Debug */,
				2467D1A41C24EE6300637471 /* Release */,
			);
			defaultConfigurationIsVisible = 0;
			defaultConfigurationName = Release;
		};
		2467D1A51C24EE6300637471 /* Build configuration list for PBXNativeTarget "QuizTests" */ = {
			isa = XCConfigurationList;
			buildConfigurations = (
				2467D1A61C24EE6300637471 /* Debug */,
				2467D1A71C24EE6300637471 /* Release */,
			);
			defaultConfigurationIsVisible = 0;
			defaultConfigurationName = Release;
		};
		2467D1A81C24EE6300637471 /* Build configuration list for PBXNativeTarget "QuizUITests" */ = {
			isa = XCConfigurationList;
			buildConfigurations = (
				2467D1A91C24EE6300637471 /* Debug */,
				2467D1AA1C24EE6300637471 /* Release */,
			);
			defaultConfigurationIsVisible = 0;
			defaultConfigurationName = Release;
		};
/* End XCConfigurationList section */
	};
	rootObject = 2467D1721C24EE6200637471 /* Project object */;
}
